
Microsoft Visual Studio Solution File, Format Version 12.00
# Visual Studio Version 17
VisualStudioVersion = 17.11.35219.272
MinimumVisualStudioVersion = 10.0.40219.1
Project("{9A19103F-16F7-4668-BE54-9A1E7A4F7556}") = "DeciCompany", "DeciCompany\DeciCompany.csproj", "{238C4697-D6E0-439A-823E-CF6BDDFB3109}"
EndProject
Global
	GlobalSection(SolutionConfigurationPlatforms) = preSolution
		Debug|Any CPU = Debug|Any CPU
		Release|Any CPU = Release|Any CPU
	EndGlobalSection
	GlobalSection(ProjectConfigurationPlatforms) = postSolution
		{238C4697-D6E0-439A-823E-CF6BDDFB3109}.Debug|Any CPU.ActiveCfg = Debug|Any CPU
		{238C4697-D6E0-439A-823E-CF6BDDFB3109}.Debug|Any CPU.Build.0 = Debug|Any CPU
		{238C4697-D6E0-439A-823E-CF6BDDFB3109}.Release|Any CPU.ActiveCfg = Release|Any CPU
		{238C4697-D6E0-439A-823E-CF6BDDFB3109}.Release|Any CPU.Build.0 = Release|Any CPU
	EndGlobalSection
	GlobalSection(SolutionProperties) = preSolution
		HideSolutionNode = FALSE
	EndGlobalSection
	GlobalSection(ExtensibilityGlobals) = postSolution
		SolutionGuid = {EC97BB00-01C7-4E15-958C-68F4418FB2BD}
	EndGlobalSection
EndGlobal
